
Microsoft Visual Studio Solution File, Format Version 12.00
# Visual Studio Version 17
VisualStudioVersion = 17.13.35931.197
MinimumVisualStudioVersion = 10.0.40219.1
Project("{9A19103F-16F7-4668-BE54-9A1E7A4F7556}") = "Loop.SGHSS.API", "Loop.SGHSS.API\Loop.SGHSS.API.csproj", "{1B8C0AB0-5D10-4F38-B522-701A6948329C}"
EndProject
Project("{2150E333-8FDC-42A3-9474-1A3956D46DE8}") = "1 - Presentation", "1 - Presentation", "{02EA681E-C7D8-13C7-8484-4AC65E1B71E8}"
EndProject
Project("{2150E333-8FDC-42A3-9474-1A3956D46DE8}") = "2 - Data", "2 - Data", "{026667CD-CFE8-4198-AFD2-8A94D1219904}"
EndProject
Project("{2150E333-8FDC-42A3-9474-1A3956D46DE8}") = "3 - Domain", "3 - Domain", "{83C5ED95-5A34-415A-8CE9-9F73D2EFFA65}"
EndProject
Project("{2150E333-8FDC-42A3-9474-1A3956D46DE8}") = "4 - Models", "4 - Models", "{8B74F9FB-6DFA-4A36-A4B2-7A0A78C3A87B}"
EndProject
Project("{2150E333-8FDC-42A3-9474-1A3956D46DE8}") = "5 - Services", "5 - Services", "{D2475833-CDBC-4019-89CA-C81657438BD3}"
EndProject
Project("{2150E333-8FDC-42A3-9474-1A3956D46DE8}") = "6 - Extensions", "6 - Extensions", "{5DBC5D45-8FA2-4348-97B9-028155CCA8E0}"
EndProject
Project("{9A19103F-16F7-4668-BE54-9A1E7A4F7556}") = "Loop.SGHSS.Data", "Loop.SGHSS.Data\Loop.SGHSS.Data.csproj", "{691CBBBC-7A5D-46E3-8932-986AB50A80BF}"
EndProject
Project("{FAE04EC0-301F-11D3-BF4B-00C04F79EFBC}") = "Loop.SGHSS.Domain", "Loop.SGHSS.Domain\Loop.SGHSS.Domain.csproj", "{FD3157FD-85D4-4222-B3A8-0A326776D849}"
EndProject
Project("{FAE04EC0-301F-11D3-BF4B-00C04F79EFBC}") = "Loop.SGHSS.Model", "Loop.SGHSS.Model\Loop.SGHSS.Model.csproj", "{E2E6BD5C-80A9-4B74-B9B5-9C6A8CB3B8CD}"
EndProject
Project("{FAE04EC0-301F-11D3-BF4B-00C04F79EFBC}") = "Loop.SGHSS.Services", "Loop.SGHSS.Services\Loop.SGHSS.Services.csproj", "{4DC4733A-8F4D-4BAB-911F-A60F94FD8DCB}"
EndProject
Project("{FAE04EC0-301F-11D3-BF4B-00C04F79EFBC}") = "Loop.SGHSS.Extensions", "Loop.SGHSS.Extensions\Loop.SGHSS.Extensions.csproj", "{453DE48F-935D-4016-B1E1-4EDD6F8CC3C6}"
EndProject
Project("{2150E333-8FDC-42A3-9474-1A3956D46DE8}") = "7 - Tests", "7 - Tests", "{50B575C9-A241-4744-B207-3B59F4A536E3}"
EndProject
Project("{FAE04EC0-301F-11D3-BF4B-00C04F79EFBC}") = "Loop.SGHSS.Tests", "Loop.SGHSS.Tests\Loop.SGHSS.Tests.csproj", "{DB40D547-49F9-498E-AACF-20CBED3DE06E}"
EndProject
Global
	GlobalSection(SolutionConfigurationPlatforms) = preSolution
		Debug|Any CPU = Debug|Any CPU
		Release|Any CPU = Release|Any CPU
	EndGlobalSection
	GlobalSection(ProjectConfigurationPlatforms) = postSolution
		{1B8C0AB0-5D10-4F38-B522-701A6948329C}.Debug|Any CPU.ActiveCfg = Debug|Any CPU
		{1B8C0AB0-5D10-4F38-B522-701A6948329C}.Debug|Any CPU.Build.0 = Debug|Any CPU
		{1B8C0AB0-5D10-4F38-B522-701A6948329C}.Release|Any CPU.ActiveCfg = Release|Any CPU
		{1B8C0AB0-5D10-4F38-B522-701A6948329C}.Release|Any CPU.Build.0 = Release|Any CPU
		{691CBBBC-7A5D-46E3-8932-986AB50A80BF}.Debug|Any CPU.ActiveCfg = Debug|Any CPU
		{691CBBBC-7A5D-46E3-8932-986AB50A80BF}.Debug|Any CPU.Build.0 = Debug|Any CPU
		{691CBBBC-7A5D-46E3-8932-986AB50A80BF}.Release|Any CPU.ActiveCfg = Release|Any CPU
		{691CBBBC-7A5D-46E3-8932-986AB50A80BF}.Release|Any CPU.Build.0 = Release|Any CPU
		{FD3157FD-85D4-4222-B3A8-0A326776D849}.Debug|Any CPU.ActiveCfg = Debug|Any CPU
		{FD3157FD-85D4-4222-B3A8-0A326776D849}.Debug|Any CPU.Build.0 = Debug|Any CPU
		{FD3157FD-85D4-4222-B3A8-0A326776D849}.Release|Any CPU.ActiveCfg = Release|Any CPU
		{FD3157FD-85D4-4222-B3A8-0A326776D849}.Release|Any CPU.Build.0 = Release|Any CPU
		{E2E6BD5C-80A9-4B74-B9B5-9C6A8CB3B8CD}.Debug|Any CPU.ActiveCfg = Debug|Any CPU
		{E2E6BD5C-80A9-4B74-B9B5-9C6A8CB3B8CD}.Debug|Any CPU.Build.0 = Debug|Any CPU
		{E2E6BD5C-80A9-4B74-B9B5-9C6A8CB3B8CD}.Release|Any CPU.ActiveCfg = Release|Any CPU
		{E2E6BD5C-80A9-4B74-B9B5-9C6A8CB3B8CD}.Release|Any CPU.Build.0 = Release|Any CPU
		{4DC4733A-8F4D-4BAB-911F-A60F94FD8DCB}.Debug|Any CPU.ActiveCfg = Debug|Any CPU
		{4DC4733A-8F4D-4BAB-911F-A60F94FD8DCB}.Debug|Any CPU.Build.0 = Debug|Any CPU
		{4DC4733A-8F4D-4BAB-911F-A60F94FD8DCB}.Release|Any CPU.ActiveCfg = Release|Any CPU
		{4DC4733A-8F4D-4BAB-911F-A60F94FD8DCB}.Release|Any CPU.Build.0 = Release|Any CPU
		{453DE48F-935D-4016-B1E1-4EDD6F8CC3C6}.Debug|Any CPU.ActiveCfg = Debug|Any CPU
		{453DE48F-935D-4016-B1E1-4EDD6F8CC3C6}.Debug|Any CPU.Build.0 = Debug|Any CPU
		{453DE48F-935D-4016-B1E1-4EDD6F8CC3C6}.Release|Any CPU.ActiveCfg = Release|Any CPU
		{453DE48F-935D-4016-B1E1-4EDD6F8CC3C6}.Release|Any CPU.Build.0 = Release|Any CPU
		{DB40D547-49F9-498E-AACF-20CBED3DE06E}.Debug|Any CPU.ActiveCfg = Debug|Any CPU
		{DB40D547-49F9-498E-AACF-20CBED3DE06E}.Debug|Any CPU.Build.0 = Debug|Any CPU
		{DB40D547-49F9-498E-AACF-20CBED3DE06E}.Release|Any CPU.ActiveCfg = Release|Any CPU
		{DB40D547-49F9-498E-AACF-20CBED3DE06E}.Release|Any CPU.Build.0 = Release|Any CPU
	EndGlobalSection
	GlobalSection(SolutionProperties) = preSolution
		HideSolutionNode = FALSE
	EndGlobalSection
	GlobalSection(NestedProjects) = preSolution
		{1B8C0AB0-5D10-4F38-B522-701A6948329C} = {02EA681E-C7D8-13C7-8484-4AC65E1B71E8}
		{691CBBBC-7A5D-46E3-8932-986AB50A80BF} = {026667CD-CFE8-4198-AFD2-8A94D1219904}
		{FD3157FD-85D4-4222-B3A8-0A326776D849} = {83C5ED95-5A34-415A-8CE9-9F73D2EFFA65}
		{E2E6BD5C-80A9-4B74-B9B5-9C6A8CB3B8CD} = {8B74F9FB-6DFA-4A36-A4B2-7A0A78C3A87B}
		{4DC4733A-8F4D-4BAB-911F-A60F94FD8DCB} = {D2475833-CDBC-4019-89CA-C81657438BD3}
		{453DE48F-935D-4016-B1E1-4EDD6F8CC3C6} = {5DBC5D45-8FA2-4348-97B9-028155CCA8E0}
		{DB40D547-49F9-498E-AACF-20CBED3DE06E} = {50B575C9-A241-4744-B207-3B59F4A536E3}
	EndGlobalSection
	GlobalSection(ExtensibilityGlobals) = postSolution
		SolutionGuid = {6F8AF8E7-7093-4CC4-9868-25C04F833088}
	EndGlobalSection
EndGlobal
